
Microsoft Visual Studio Solution File, Format Version 12.00
# Visual Studio Version 16
VisualStudioVersion = 16.0.810.19
MinimumVisualStudioVersion = 10.0.40219.1
Project("{2150E333-8FDC-42A3-9474-1A3956D46DE8}") = "Services", "Services", "{6848D06F-CC25-4BEF-B0AD-8776C88859F6}"
EndProject
Project("{2150E333-8FDC-42A3-9474-1A3956D46DE8}") = "Catalog", "Catalog", "{944A503C-67D0-460D-BB6D-890222CA1CE9}"
EndProject
Project("{FAE04EC0-301F-11D3-BF4B-00C04F79EFBC}") = "Catalog.API", "Services\Catalog\Catalog.API\Catalog.API.csproj", "{8ABEEA14-FF95-4083-A246-6AEA165BF053}"
EndProject
Project("{E53339B2-1760-4266-BCC7-CA923CBCF16C}") = "docker-compose", "docker-compose.dcproj", "{CC27ECCD-364A-4394-8EA9-926AC38622F8}"
EndProject
Project("{2150E333-8FDC-42A3-9474-1A3956D46DE8}") = "Basket", "Basket", "{CB8FF698-60D6-4F8E-9238-B7EFEBB4A27A}"
EndProject
Project("{FAE04EC0-301F-11D3-BF4B-00C04F79EFBC}") = "Basket.API", "Services\Basket\Basket.API\Basket.API.csproj", "{D9898FF2-1DCF-425F-96AD-4705C77B7E0F}"
EndProject
Project("{2150E333-8FDC-42A3-9474-1A3956D46DE8}") = "Discount", "Discount", "{A4E44113-F524-4C7F-AFBD-17C455EB5EB0}"
EndProject
Project("{FAE04EC0-301F-11D3-BF4B-00C04F79EFBC}") = "Discount.API", "Services\Discount\Discount.API\Discount.API.csproj", "{C960D780-F5E5-42BE-8DC4-FDE81AB3DC4F}"
EndProject
Project("{FAE04EC0-301F-11D3-BF4B-00C04F79EFBC}") = "Discount.Grpc", "Services\Discount\Discount.Grpc\Discount.Grpc.csproj", "{6B3F1D9F-2886-40A9-8016-1EBA90021B8C}"
EndProject
Project("{2150E333-8FDC-42A3-9474-1A3956D46DE8}") = "Ordering", "Ordering", "{33966E03-34A7-4175-83B9-DF8B172BC54B}"
EndProject
Project("{FAE04EC0-301F-11D3-BF4B-00C04F79EFBC}") = "Ordering.API", "Services\Ordering\Ordering.API\Ordering.API.csproj", "{BF989229-BE45-4841-AB79-9CB5D28294A0}"
EndProject
Project("{FAE04EC0-301F-11D3-BF4B-00C04F79EFBC}") = "Ordering.Domain", "Services\Ordering\Ordering.Domain\Ordering.Domain.csproj", "{627DEC2E-CEBC-4DE5-8033-BF12B4D99915}"
EndProject
Project("{FAE04EC0-301F-11D3-BF4B-00C04F79EFBC}") = "Ordering.Application", "Services\Ordering\Ordering.Application\Ordering.Application.csproj", "{F958857B-B2DF-49F0-AFC0-142F886533AF}"
EndProject
Project("{FAE04EC0-301F-11D3-BF4B-00C04F79EFBC}") = "Ordering.Infrastructure", "Services\Ordering\Ordering.Infrastructure\Ordering.Infrastructure.csproj", "{65667260-2BCC-4968-94B3-1672EC9C4C27}"
EndProject
Project("{2150E333-8FDC-42A3-9474-1A3956D46DE8}") = "BuildingBlocks", "BuildingBlocks", "{A16D3065-9FD9-433D-8D06-8DA857729BFB}"
EndProject
Project("{FAE04EC0-301F-11D3-BF4B-00C04F79EFBC}") = "EventBus.Messages", "BuildingBlocks\EventBus.Messages\EventBus.Messages.csproj", "{85364F90-1D1B-46C3-BF84-87ED7F9A1352}"
EndProject
Project("{2150E333-8FDC-42A3-9474-1A3956D46DE8}") = "ApiGateways", "ApiGateways", "{CFDA0E18-9E28-44AF-A13A-3A0C3ABA4C95}"
EndProject
Project("{FAE04EC0-301F-11D3-BF4B-00C04F79EFBC}") = "OcelotApiGw", "ApiGateWays\OcelotApiGw\OcelotApiGw.csproj", "{C293D8F5-3AA2-4E5B-AA24-51CAB4BEBFF5}"
EndProject
Project("{FAE04EC0-301F-11D3-BF4B-00C04F79EFBC}") = "Shopping.Aggregator", "ApiGateWays\Shopping.Aggregator\Shopping.Aggregator.csproj", "{81218837-9DF2-4060-B33D-A605D2ED2C1F}"
EndProject
Global
	GlobalSection(SolutionConfigurationPlatforms) = preSolution
		Debug|Any CPU = Debug|Any CPU
		Release|Any CPU = Release|Any CPU
	EndGlobalSection
	GlobalSection(ProjectConfigurationPlatforms) = postSolution
		{8ABEEA14-FF95-4083-A246-6AEA165BF053}.Debug|Any CPU.ActiveCfg = Debug|Any CPU
		{8ABEEA14-FF95-4083-A246-6AEA165BF053}.Debug|Any CPU.Build.0 = Debug|Any CPU
		{8ABEEA14-FF95-4083-A246-6AEA165BF053}.Release|Any CPU.ActiveCfg = Release|Any CPU
		{8ABEEA14-FF95-4083-A246-6AEA165BF053}.Release|Any CPU.Build.0 = Release|Any CPU
		{CC27ECCD-364A-4394-8EA9-926AC38622F8}.Debug|Any CPU.ActiveCfg = Debug|Any CPU
		{CC27ECCD-364A-4394-8EA9-926AC38622F8}.Debug|Any CPU.Build.0 = Debug|Any CPU
		{CC27ECCD-364A-4394-8EA9-926AC38622F8}.Release|Any CPU.ActiveCfg = Release|Any CPU
		{CC27ECCD-364A-4394-8EA9-926AC38622F8}.Release|Any CPU.Build.0 = Release|Any CPU
		{D9898FF2-1DCF-425F-96AD-4705C77B7E0F}.Debug|Any CPU.ActiveCfg = Debug|Any CPU
		{D9898FF2-1DCF-425F-96AD-4705C77B7E0F}.Debug|Any CPU.Build.0 = Debug|Any CPU
		{D9898FF2-1DCF-425F-96AD-4705C77B7E0F}.Release|Any CPU.ActiveCfg = Release|Any CPU
		{D9898FF2-1DCF-425F-96AD-4705C77B7E0F}.Release|Any CPU.Build.0 = Release|Any CPU
		{C960D780-F5E5-42BE-8DC4-FDE81AB3DC4F}.Debug|Any CPU.ActiveCfg = Debug|Any CPU
		{C960D780-F5E5-42BE-8DC4-FDE81AB3DC4F}.Debug|Any CPU.Build.0 = Debug|Any CPU
		{C960D780-F5E5-42BE-8DC4-FDE81AB3DC4F}.Release|Any CPU.ActiveCfg = Release|Any CPU
		{C960D780-F5E5-42BE-8DC4-FDE81AB3DC4F}.Release|Any CPU.Build.0 = Release|Any CPU
		{6B3F1D9F-2886-40A9-8016-1EBA90021B8C}.Debug|Any CPU.ActiveCfg = Debug|Any CPU
		{6B3F1D9F-2886-40A9-8016-1EBA90021B8C}.Debug|Any CPU.Build.0 = Debug|Any CPU
		{6B3F1D9F-2886-40A9-8016-1EBA90021B8C}.Release|Any CPU.ActiveCfg = Release|Any CPU
		{6B3F1D9F-2886-40A9-8016-1EBA90021B8C}.Release|Any CPU.Build.0 = Release|Any CPU
		{BF989229-BE45-4841-AB79-9CB5D28294A0}.Debug|Any CPU.ActiveCfg = Debug|Any CPU
		{BF989229-BE45-4841-AB79-9CB5D28294A0}.Debug|Any CPU.Build.0 = Debug|Any CPU
		{BF989229-BE45-4841-AB79-9CB5D28294A0}.Release|Any CPU.ActiveCfg = Release|Any CPU
		{BF989229-BE45-4841-AB79-9CB5D28294A0}.Release|Any CPU.Build.0 = Release|Any CPU
		{627DEC2E-CEBC-4DE5-8033-BF12B4D99915}.Debug|Any CPU.ActiveCfg = Debug|Any CPU
		{627DEC2E-CEBC-4DE5-8033-BF12B4D99915}.Debug|Any CPU.Build.0 = Debug|Any CPU
		{627DEC2E-CEBC-4DE5-8033-BF12B4D99915}.Release|Any CPU.ActiveCfg = Release|Any CPU
		{627DEC2E-CEBC-4DE5-8033-BF12B4D99915}.Release|Any CPU.Build.0 = Release|Any CPU
		{F958857B-B2DF-49F0-AFC0-142F886533AF}.Debug|Any CPU.ActiveCfg = Debug|Any CPU
		{F958857B-B2DF-49F0-AFC0-142F886533AF}.Debug|Any CPU.Build.0 = Debug|Any CPU
		{F958857B-B2DF-49F0-AFC0-142F886533AF}.Release|Any CPU.ActiveCfg = Release|Any CPU
		{F958857B-B2DF-49F0-AFC0-142F886533AF}.Release|Any CPU.Build.0 = Release|Any CPU
		{65667260-2BCC-4968-94B3-1672EC9C4C27}.Debug|Any CPU.ActiveCfg = Debug|Any CPU
		{65667260-2BCC-4968-94B3-1672EC9C4C27}.Debug|Any CPU.Build.0 = Debug|Any CPU
		{65667260-2BCC-4968-94B3-1672EC9C4C27}.Release|Any CPU.ActiveCfg = Release|Any CPU
		{65667260-2BCC-4968-94B3-1672EC9C4C27}.Release|Any CPU.Build.0 = Release|Any CPU
		{85364F90-1D1B-46C3-BF84-87ED7F9A1352}.Debug|Any CPU.ActiveCfg = Debug|Any CPU
		{85364F90-1D1B-46C3-BF84-87ED7F9A1352}.Debug|Any CPU.Build.0 = Debug|Any CPU
		{85364F90-1D1B-46C3-BF84-87ED7F9A1352}.Release|Any CPU.ActiveCfg = Release|Any CPU
		{85364F90-1D1B-46C3-BF84-87ED7F9A1352}.Release|Any CPU.Build.0 = Release|Any CPU
		{C293D8F5-3AA2-4E5B-AA24-51CAB4BEBFF5}.Debug|Any CPU.ActiveCfg = Debug|Any CPU
		{C293D8F5-3AA2-4E5B-AA24-51CAB4BEBFF5}.Debug|Any CPU.Build.0 = Debug|Any CPU
		{C293D8F5-3AA2-4E5B-AA24-51CAB4BEBFF5}.Release|Any CPU.ActiveCfg = Release|Any CPU
		{C293D8F5-3AA2-4E5B-AA24-51CAB4BEBFF5}.Release|Any CPU.Build.0 = Release|Any CPU
		{81218837-9DF2-4060-B33D-A605D2ED2C1F}.Debug|Any CPU.ActiveCfg = Debug|Any CPU
		{81218837-9DF2-4060-B33D-A605D2ED2C1F}.Debug|Any CPU.Build.0 = Debug|Any CPU
		{81218837-9DF2-4060-B33D-A605D2ED2C1F}.Release|Any CPU.ActiveCfg = Release|Any CPU
		{81218837-9DF2-4060-B33D-A605D2ED2C1F}.Release|Any CPU.Build.0 = Release|Any CPU
	EndGlobalSection
	GlobalSection(SolutionProperties) = preSolution
		HideSolutionNode = FALSE
	EndGlobalSection
	GlobalSection(ExtensibilityGlobals) = postSolution
		SolutionGuid = {0E77A001-02B5-4228-BF33-6AB327D7EC0D}
	EndGlobalSection
	GlobalSection(NestedProjects) = preSolution
		{944A503C-67D0-460D-BB6D-890222CA1CE9} = {6848D06F-CC25-4BEF-B0AD-8776C88859F6}
		{8ABEEA14-FF95-4083-A246-6AEA165BF053} = {944A503C-67D0-460D-BB6D-890222CA1CE9}
		{CB8FF698-60D6-4F8E-9238-B7EFEBB4A27A} = {6848D06F-CC25-4BEF-B0AD-8776C88859F6}
		{D9898FF2-1DCF-425F-96AD-4705C77B7E0F} = {CB8FF698-60D6-4F8E-9238-B7EFEBB4A27A}
		{A4E44113-F524-4C7F-AFBD-17C455EB5EB0} = {6848D06F-CC25-4BEF-B0AD-8776C88859F6}
		{C960D780-F5E5-42BE-8DC4-FDE81AB3DC4F} = {A4E44113-F524-4C7F-AFBD-17C455EB5EB0}
		{6B3F1D9F-2886-40A9-8016-1EBA90021B8C} = {A4E44113-F524-4C7F-AFBD-17C455EB5EB0}
		{33966E03-34A7-4175-83B9-DF8B172BC54B} = {6848D06F-CC25-4BEF-B0AD-8776C88859F6}
		{BF989229-BE45-4841-AB79-9CB5D28294A0} = {33966E03-34A7-4175-83B9-DF8B172BC54B}
		{627DEC2E-CEBC-4DE5-8033-BF12B4D99915} = {33966E03-34A7-4175-83B9-DF8B172BC54B}
		{F958857B-B2DF-49F0-AFC0-142F886533AF} = {33966E03-34A7-4175-83B9-DF8B172BC54B}
		{65667260-2BCC-4968-94B3-1672EC9C4C27} = {33966E03-34A7-4175-83B9-DF8B172BC54B}
		{85364F90-1D1B-46C3-BF84-87ED7F9A1352} = {A16D3065-9FD9-433D-8D06-8DA857729BFB}
		{C293D8F5-3AA2-4E5B-AA24-51CAB4BEBFF5} = {CFDA0E18-9E28-44AF-A13A-3A0C3ABA4C95}
		{81218837-9DF2-4060-B33D-A605D2ED2C1F} = {CFDA0E18-9E28-44AF-A13A-3A0C3ABA4C95}
	EndGlobalSection
EndGlobal
